// !$*UTF8*$!
{
	archiveVersion = 1;
	classes = {
	};
	objectVersion = 46;
	objects = {

/* Begin PBXBuildFile section */
		6B7A5D1E1DADC8E400B3A771 /* main.m in Sources */ = {isa = PBXBuildFile; fileRef = 6B7A5D1D1DADC8E400B3A771 /* main.m */; };
		6B7A5D211DADC8E400B3A771 /* AppDelegate.m in Sources */ = {isa = PBXBuildFile; fileRef = 6B7A5D201DADC8E400B3A771 /* AppDelegate.m */; };
		6B7A5D291DADC8E400B3A771 /* Assets.xcassets in Resources */ = {isa = PBXBuildFile; fileRef = 6B7A5D281DADC8E400B3A771 /* Assets.xcassets */; };
		6B7A5D2C1DADC8E400B3A771 /* LaunchScreen.storyboard in Resources */ = {isa = PBXBuildFile; fileRef = 6B7A5D2A1DADC8E400B3A771 /* LaunchScreen.storyboard */; };
		6B7A5D431DADC98300B3A771 /* UINavigationController+XXTransition.m in Sources */ = {isa = PBXBuildFile; fileRef = 6B7A5D351DADC98300B3A771 /* UINavigationController+XXTransition.m */; };
		6B7A5D441DADC98300B3A771 /* UIViewController+XXTransition.m in Sources */ = {isa = PBXBuildFile; fileRef = 6B7A5D371DADC98300B3A771 /* UIViewController+XXTransition.m */; };
		6B7A5D451DADC98300B3A771 /* XXAnimatedTransitioning.m in Sources */ = {isa = PBXBuildFile; fileRef = 6B7A5D391DADC98300B3A771 /* XXAnimatedTransitioning.m */; };
		6B7A5D461DADC98300B3A771 /* XXGlobalConst.m in Sources */ = {isa = PBXBuildFile; fileRef = 6B7A5D3B1DADC98300B3A771 /* XXGlobalConst.m */; };
		6B7A5D471DADC98300B3A771 /* XXInteractiveTransition.m in Sources */ = {isa = PBXBuildFile; fileRef = 6B7A5D3D1DADC98300B3A771 /* XXInteractiveTransition.m */; };
		6B7A5D481DADC98300B3A771 /* XXTransition.m in Sources */ = {isa = PBXBuildFile; fileRef = 6B7A5D401DADC98300B3A771 /* XXTransition.m */; };
		6B7A5D491DADC98300B3A771 /* XXTransitionManager.m in Sources */ = {isa = PBXBuildFile; fileRef = 6B7A5D421DADC98300B3A771 /* XXTransitionManager.m */; };
		6B7A5D531DADCA3500B3A771 /* ModalVC.m in Sources */ = {isa = PBXBuildFile; fileRef = 6B7A5D501DADCA3500B3A771 /* ModalVC.m */; };
		6B7A5D541DADCA3500B3A771 /* RootVC.m in Sources */ = {isa = PBXBuildFile; fileRef = 6B7A5D521DADCA3500B3A771 /* RootVC.m */; };
		6B7A5D5B1DADCA3F00B3A771 /* FragmentVC.m in Sources */ = {isa = PBXBuildFile; fileRef = 6B7A5D561DADCA3F00B3A771 /* FragmentVC.m */; };
		6B7A5D5C1DADCA3F00B3A771 /* PageVC.m in Sources */ = {isa = PBXBuildFile; fileRef = 6B7A5D581DADCA3F00B3A771 /* PageVC.m */; };
		6B7A5D5D1DADCA3F00B3A771 /* SinkVC.m in Sources */ = {isa = PBXBuildFile; fileRef = 6B7A5D5A1DADCA3F00B3A771 /* SinkVC.m */; };
/* End PBXBuildFile section */

/* Begin PBXFileReference section */
		6B7A5D191DADC8E400B3A771 /* XXTransitionExample.app */ = {isa = PBXFileReference; explicitFileType = wrapper.application; includeInIndex = 0; path = XXTransitionExample.app; sourceTree = BUILT_PRODUCTS_DIR; };
		6B7A5D1D1DADC8E400B3A771 /* main.m */ = {isa = PBXFileReference; lastKnownFileType = sourcecode.c.objc; path = main.m; sourceTree = "<group>"; };
		6B7A5D1F1DADC8E400B3A771 /* AppDelegate.h */ = {isa = PBXFileReference; lastKnownFileType = sourcecode.c.h; path = AppDelegate.h; sourceTree = "<group>"; };
		6B7A5D201DADC8E400B3A771 /* AppDelegate.m */ = {isa = PBXFileReference; lastKnownFileType = sourcecode.c.objc; path = AppDelegate.m; sourceTree = "<group>"; };
		6B7A5D281DADC8E400B3A771 /* Assets.xcassets */ = {isa = PBXFileReference; lastKnownFileType = folder.assetcatalog; path = Assets.xcassets; sourceTree = "<group>"; };
		6B7A5D2B1DADC8E400B3A771 /* Base */ = {isa = PBXFileReference; lastKnownFileType = file.storyboard; name = Base; path = Base.lproj/LaunchScreen.storyboard; sourceTree = "<group>"; };
		6B7A5D2D1DADC8E400B3A771 /* Info.plist */ = {isa = PBXFileReference; lastKnownFileType = text.plist.xml; path = Info.plist; sourceTree = "<group>"; };
		6B7A5D341DADC98300B3A771 /* UINavigationController+XXTransition.h */ = {isa = PBXFileReference; fileEncoding = 4; lastKnownFileType = sourcecode.c.h; path = "UINavigationController+XXTransition.h"; sourceTree = "<group>"; };
		6B7A5D351DADC98300B3A771 /* UINavigationController+XXTransition.m */ = {isa = PBXFileReference; fileEncoding = 4; lastKnownFileType = sourcecode.c.objc; path = "UINavigationController+XXTransition.m"; sourceTree = "<group>"; };
		6B7A5D361DADC98300B3A771 /* UIViewController+XXTransition.h */ = {isa = PBXFileReference; fileEncoding = 4; lastKnownFileType = sourcecode.c.h; path = "UIViewController+XXTransition.h"; sourceTree = "<group>"; };
		6B7A5D371DADC98300B3A771 /* UIViewController+XXTransition.m */ = {isa = PBXFileReference; fileEncoding = 4; lastKnownFileType = sourcecode.c.objc; path = "UIViewController+XXTransition.m"; sourceTree = "<group>"; };
		6B7A5D381DADC98300B3A771 /* XXAnimatedTransitioning.h */ = {isa = PBXFileReference; fileEncoding = 4; lastKnownFileType = sourcecode.c.h; path = XXAnimatedTransitioning.h; sourceTree = "<group>"; };
		6B7A5D391DADC98300B3A771 /* XXAnimatedTransitioning.m */ = {isa = PBXFileReference; fileEncoding = 4; lastKnownFileType = sourcecode.c.objc; path = XXAnimatedTransitioning.m; sourceTree = "<group>"; };
		6B7A5D3A1DADC98300B3A771 /* XXGlobalConst.h */ = {isa = PBXFileReference; fileEncoding = 4; lastKnownFileType = sourcecode.c.h; path = XXGlobalConst.h; sourceTree = "<group>"; };
		6B7A5D3B1DADC98300B3A771 /* XXGlobalConst.m */ = {isa = PBXFileReference; fileEncoding = 4; lastKnownFileType = sourcecode.c.objc; path = XXGlobalConst.m; sourceTree = "<group>"; };
		6B7A5D3C1DADC98300B3A771 /* XXInteractiveTransition.h */ = {isa = PBXFileReference; fileEncoding = 4; lastKnownFileType = sourcecode.c.h; path = XXInteractiveTransition.h; sourceTree = "<group>"; };
		6B7A5D3D1DADC98300B3A771 /* XXInteractiveTransition.m */ = {isa = PBXFileReference; fileEncoding = 4; lastKnownFileType = sourcecode.c.objc; path = XXInteractiveTransition.m; sourceTree = "<group>"; };
		6B7A5D3E1DADC98300B3A771 /* XXMacro.h */ = {isa = PBXFileReference; fileEncoding = 4; lastKnownFileType = sourcecode.c.h; path = XXMacro.h; sourceTree = "<group>"; };
		6B7A5D3F1DADC98300B3A771 /* XXTransition.h */ = {isa = PBXFileReference; fileEncoding = 4; lastKnownFileType = sourcecode.c.h; path = XXTransition.h; sourceTree = "<group>"; };
		6B7A5D401DADC98300B3A771 /* XXTransition.m */ = {isa = PBXFileReference; fileEncoding = 4; lastKnownFileType = sourcecode.c.objc; path = XXTransition.m; sourceTree = "<group>"; };
		6B7A5D411DADC98300B3A771 /* XXTransitionManager.h */ = {isa = PBXFileReference; fileEncoding = 4; lastKnownFileType = sourcecode.c.h; path = XXTransitionManager.h; sourceTree = "<group>"; };
		6B7A5D421DADC98300B3A771 /* XXTransitionManager.m */ = {isa = PBXFileReference; fileEncoding = 4; lastKnownFileType = sourcecode.c.objc; path = XXTransitionManager.m; sourceTree = "<group>"; };
		6B7A5D4F1DADCA3500B3A771 /* ModalVC.h */ = {isa = PBXFileReference; fileEncoding = 4; lastKnownFileType = sourcecode.c.h; path = ModalVC.h; sourceTree = "<group>"; };
		6B7A5D501DADCA3500B3A771 /* ModalVC.m */ = {isa = PBXFileReference; fileEncoding = 4; lastKnownFileType = sourcecode.c.objc; path = ModalVC.m; sourceTree = "<group>"; };
		6B7A5D511DADCA3500B3A771 /* RootVC.h */ = {isa = PBXFileReference; fileEncoding = 4; lastKnownFileType = sourcecode.c.h; path = RootVC.h; sourceTree = "<group>"; };
		6B7A5D521DADCA3500B3A771 /* RootVC.m */ = {isa = PBXFileReference; fileEncoding = 4; lastKnownFileType = sourcecode.c.objc; path = RootVC.m; sourceTree = "<group>"; };
		6B7A5D551DADCA3F00B3A771 /* FragmentVC.h */ = {isa = PBXFileReference; fileEncoding = 4; lastKnownFileType = sourcecode.c.h; path = FragmentVC.h; sourceTree = "<group>"; };
		6B7A5D561DADCA3F00B3A771 /* FragmentVC.m */ = {isa = PBXFileReference; fileEncoding = 4; lastKnownFileType = sourcecode.c.objc; path = FragmentVC.m; sourceTree = "<group>"; };
		6B7A5D571DADCA3F00B3A771 /* PageVC.h */ = {isa = PBXFileReference; fileEncoding = 4; lastKnownFileType = sourcecode.c.h; path = PageVC.h; sourceTree = "<group>"; };
		6B7A5D581DADCA3F00B3A771 /* PageVC.m */ = {isa = PBXFileReference; fileEncoding = 4; lastKnownFileType = sourcecode.c.objc; path = PageVC.m; sourceTree = "<group>"; };
		6B7A5D591DADCA3F00B3A771 /* SinkVC.h */ = {isa = PBXFileReference; fileEncoding = 4; lastKnownFileType = sourcecode.c.h; path = SinkVC.h; sourceTree = "<group>"; };
		6B7A5D5A1DADCA3F00B3A771 /* SinkVC.m */ = {isa = PBXFileReference; fileEncoding = 4; lastKnownFileType = sourcecode.c.objc; path = SinkVC.m; sourceTree = "<group>"; };
/* End PBXFileReference section */

/* Begin PBXFrameworksBuildPhase section */
		6B7A5D161DADC8E400B3A771 /* Frameworks */ = {
			isa = PBXFrameworksBuildPhase;
			buildActionMask = 2147483647;
			files = (
			);
			runOnlyForDeploymentPostprocessing = 0;
		};
/* End PBXFrameworksBuildPhase section */

/* Begin PBXGroup section */
		6B7A5D101DADC8E400B3A771 = {
			isa = PBXGroup;
			children = (
				6B7A5D1B1DADC8E400B3A771 /* XXTransitionExample */,
				6B7A5D1A1DADC8E400B3A771 /* Products */,
			);
			sourceTree = "<group>";
		};
		6B7A5D1A1DADC8E400B3A771 /* Products */ = {
			isa = PBXGroup;
			children = (
				6B7A5D191DADC8E400B3A771 /* XXTransitionExample.app */,
			);
			name = Products;
			sourceTree = "<group>";
		};
		6B7A5D1B1DADC8E400B3A771 /* XXTransitionExample */ = {
			isa = PBXGroup;
			children = (
				6B7A5D4E1DADC9F800B3A771 /* Classes */,
				6B7A5D331DADC98300B3A771 /* XXTransition */,
				6B7A5D1F1DADC8E400B3A771 /* AppDelegate.h */,
				6B7A5D201DADC8E400B3A771 /* AppDelegate.m */,
				6B7A5D281DADC8E400B3A771 /* Assets.xcassets */,
				6B7A5D2A1DADC8E400B3A771 /* LaunchScreen.storyboard */,
				6B7A5D2D1DADC8E400B3A771 /* Info.plist */,
				6B7A5D1C1DADC8E400B3A771 /* Supporting Files */,
			);
			path = XXTransitionExample;
			sourceTree = "<group>";
		};
		6B7A5D1C1DADC8E400B3A771 /* Supporting Files */ = {
			isa = PBXGroup;
			children = (
				6B7A5D1D1DADC8E400B3A771 /* main.m */,
			);
			name = "Supporting Files";
			sourceTree = "<group>";
		};
		6B7A5D331DADC98300B3A771 /* XXTransition */ = {
			isa = PBXGroup;
			children = (
				6B7A5D341DADC98300B3A771 /* UINavigationController+XXTransition.h */,
				6B7A5D351DADC98300B3A771 /* UINavigationController+XXTransition.m */,
				6B7A5D361DADC98300B3A771 /* UIViewController+XXTransition.h */,
				6B7A5D371DADC98300B3A771 /* UIViewController+XXTransition.m */,
				6B7A5D381DADC98300B3A771 /* XXAnimatedTransitioning.h */,
				6B7A5D391DADC98300B3A771 /* XXAnimatedTransitioning.m */,
				6B7A5D3A1DADC98300B3A771 /* XXGlobalConst.h */,
				6B7A5D3B1DADC98300B3A771 /* XXGlobalConst.m */,
				6B7A5D3C1DADC98300B3A771 /* XXInteractiveTransition.h */,
				6B7A5D3D1DADC98300B3A771 /* XXInteractiveTransition.m */,
				6B7A5D3E1DADC98300B3A771 /* XXMacro.h */,
				6B7A5D3F1DADC98300B3A771 /* XXTransition.h */,
				6B7A5D401DADC98300B3A771 /* XXTransition.m */,
				6B7A5D411DADC98300B3A771 /* XXTransitionManager.h */,
				6B7A5D421DADC98300B3A771 /* XXTransitionManager.m */,
			);
			path = XXTransition;
			sourceTree = SOURCE_ROOT;
		};
		6B7A5D4E1DADC9F800B3A771 /* Classes */ = {
			isa = PBXGroup;
			children = (
				6B7A5D551DADCA3F00B3A771 /* FragmentVC.h */,
				6B7A5D561DADCA3F00B3A771 /* FragmentVC.m */,
				6B7A5D571DADCA3F00B3A771 /* PageVC.h */,
				6B7A5D581DADCA3F00B3A771 /* PageVC.m */,
				6B7A5D591DADCA3F00B3A771 /* SinkVC.h */,
				6B7A5D5A1DADCA3F00B3A771 /* SinkVC.m */,
				6B7A5D4F1DADCA3500B3A771 /* ModalVC.h */,
				6B7A5D501DADCA3500B3A771 /* ModalVC.m */,
				6B7A5D511DADCA3500B3A771 /* RootVC.h */,
				6B7A5D521DADCA3500B3A771 /* RootVC.m */,
			);
			path = Classes;
			sourceTree = "<group>";
		};
/* End PBXGroup section */

/* Begin PBXNativeTarget section */
		6B7A5D181DADC8E400B3A771 /* XXTransitionExample */ = {
			isa = PBXNativeTarget;
			buildConfigurationList = 6B7A5D301DADC8E400B3A771 /* Build configuration list for PBXNativeTarget "XXTransitionExample" */;
			buildPhases = (
				6B7A5D151DADC8E400B3A771 /* Sources */,
				6B7A5D161DADC8E400B3A771 /* Frameworks */,
				6B7A5D171DADC8E400B3A771 /* Resources */,
			);
			buildRules = (
			);
			dependencies = (
			);
			name = XXTransitionExample;
			productName = XXTransitionExample;
			productReference = 6B7A5D191DADC8E400B3A771 /* XXTransitionExample.app */;
			productType = "com.apple.product-type.application";
		};
/* End PBXNativeTarget section */

/* Begin PBXProject section */
		6B7A5D111DADC8E400B3A771 /* Project object */ = {
			isa = PBXProject;
			attributes = {
				LastUpgradeCheck = 0800;
				ORGANIZATIONNAME = xunxu;
				TargetAttributes = {
					6B7A5D181DADC8E400B3A771 = {
						CreatedOnToolsVersion = 8.0;
						DevelopmentTeam = 2BEF83H46M;
						ProvisioningStyle = Automatic;
					};
				};
			};
			buildConfigurationList = 6B7A5D141DADC8E400B3A771 /* Build configuration list for PBXProject "XXTransitionExample" */;
			compatibilityVersion = "Xcode 3.2";
			developmentRegion = English;
			hasScannedForEncodings = 0;
			knownRegions = (
				en,
				Base,
			);
			mainGroup = 6B7A5D101DADC8E400B3A771;
			productRefGroup = 6B7A5D1A1DADC8E400B3A771 /* Products */;
			projectDirPath = "";
			projectRoot = "";
			targets = (
				6B7A5D181DADC8E400B3A771 /* XXTransitionExample */,
			);
		};
/* End PBXProject section */

/* Begin PBXResourcesBuildPhase section */
		6B7A5D171DADC8E400B3A771 /* Resources */ = {
			isa = PBXResourcesBuildPhase;
			buildActionMask = 2147483647;
			files = (
				6B7A5D2C1DADC8E400B3A771 /* LaunchScreen.storyboard in Resources */,
				6B7A5D291DADC8E400B3A771 /* Assets.xcassets in Resources */,
			);
			runOnlyForDeploymentPostprocessing = 0;
		};
/* End PBXResourcesBuildPhase section */

/* Begin PBXSourcesBuildPhase section */
		6B7A5D151DADC8E400B3A771 /* Sources */ = {
			isa = PBXSourcesBuildPhase;
			buildActionMask = 2147483647;
			files = (
				6B7A5D461DADC98300B3A771 /* XXGlobalConst.m in Sources */,
				6B7A5D431DADC98300B3A771 /* UINavigationController+XXTransition.m in Sources */,
				6B7A5D451DADC98300B3A771 /* XXAnimatedTransitioning.m in Sources */,
				6B7A5D471DADC98300B3A771 /* XXInteractiveTransition.m in Sources */,
				6B7A5D5B1DADCA3F00B3A771 /* FragmentVC.m in Sources */,
				6B7A5D5D1DADCA3F00B3A771 /* SinkVC.m in Sources */,
				6B7A5D481DADC98300B3A771 /* XXTransition.m in Sources */,
				6B7A5D541DADCA3500B3A771 /* RootVC.m in Sources */,
				6B7A5D441DADC98300B3A771 /* UIViewController+XXTransition.m in Sources */,
				6B7A5D211DADC8E400B3A771 /* AppDelegate.m in Sources */,
				6B7A5D5C1DADCA3F00B3A771 /* PageVC.m in Sources */,
				6B7A5D491DADC98300B3A771 /* XXTransitionManager.m in Sources */,
				6B7A5D531DADCA3500B3A771 /* ModalVC.m in Sources */,
				6B7A5D1E1DADC8E400B3A771 /* main.m in Sources */,
			);
			runOnlyForDeploymentPostprocessing = 0;
		};
/* End PBXSourcesBuildPhase section */

/* Begin PBXVariantGroup section */
		6B7A5D2A1DADC8E400B3A771 /* LaunchScreen.storyboard */ = {
			isa = PBXVariantGroup;
			children = (
				6B7A5D2B1DADC8E400B3A771 /* Base */,
			);
			name = LaunchScreen.storyboard;
			sourceTree = "<group>";
		};
/* End PBXVariantGroup section */

/* Begin XCBuildConfiguration section */
		6B7A5D2E1DADC8E400B3A771 /* Debug */ = {
			isa = XCBuildConfiguration;
			buildSettings = {
				ALWAYS_SEARCH_USER_PATHS = NO;
				CLANG_ANALYZER_NONNULL = YES;
				CLANG_CXX_LANGUAGE_STANDARD = "gnu++0x";
				CLANG_CXX_LIBRARY = "libc++";
				CLANG_ENABLE_MODULES = YES;
				CLANG_ENABLE_OBJC_ARC = YES;
				CLANG_WARN_BOOL_CONVERSION = YES;
				CLANG_WARN_CONSTANT_CONVERSION = YES;
				CLANG_WARN_DIRECT_OBJC_ISA_USAGE = YES_ERROR;
				CLANG_WARN_DOCUMENTATION_COMMENTS = YES;
				CLANG_WARN_EMPTY_BODY = YES;
				CLANG_WARN_ENUM_CONVERSION = YES;
				CLANG_WARN_INFINITE_RECURSION = YES;
				CLANG_WARN_INT_CONVERSION = YES;
				CLANG_WARN_OBJC_ROOT_CLASS = YES_ERROR;
				CLANG_WARN_SUSPICIOUS_MOVES = YES;
				CLANG_WARN_UNREACHABLE_CODE = YES;
				CLANG_WARN__DUPLICATE_METHOD_MATCH = YES;
				"CODE_SIGN_IDENTITY[sdk=iphoneos*]" = "iPhone Developer";
				COPY_PHASE_STRIP = NO;
				DEBUG_INFORMATION_FORMAT = dwarf;
				ENABLE_STRICT_OBJC_MSGSEND = YES;
				ENABLE_TESTABILITY = YES;
				GCC_C_LANGUAGE_STANDARD = gnu99;
				GCC_DYNAMIC_NO_PIC = NO;
				GCC_NO_COMMON_BLOCKS = YES;
				GCC_OPTIMIZATION_LEVEL = 0;
				GCC_PREPROCESSOR_DEFINITIONS = (
					"DEBUG=1",
					"$(inherited)",
				);
				GCC_WARN_64_TO_32_BIT_CONVERSION = YES;
				GCC_WARN_ABOUT_RETURN_TYPE = YES_ERROR;
				GCC_WARN_UNDECLARED_SELECTOR = YES;
				GCC_WARN_UNINITIALIZED_AUTOS = YES_AGGRESSIVE;
				GCC_WARN_UNUSED_FUNCTION = YES;
				GCC_WARN_UNUSED_VARIABLE = YES;
				IPHONEOS_DEPLOYMENT_TARGET = 10.0;
				MTL_ENABLE_DEBUG_INFO = YES;
				ONLY_ACTIVE_ARCH = YES;
				SDKROOT = iphoneos;
			};
			name = Debug;
		};
		6B7A5D2F1DADC8E400B3A771 /* Release */ = {
			isa = XCBuildConfiguration;
			buildSettings = {
				ALWAYS_SEARCH_USER_PATHS = NO;
				CLANG_ANALYZER_NONNULL = YES;
				CLANG_CXX_LANGUAGE_STANDARD = "gnu++0x";
				CLANG_CXX_LIBRARY = "libc++";
				CLANG_ENABLE_MODULES = YES;
				CLANG_ENABLE_OBJC_ARC = YES;
				CLANG_WARN_BOOL_CONVERSION = YES;
				CLANG_WARN_CONSTANT_CONVERSION = YES;
				CLANG_WARN_DIRECT_OBJC_ISA_USAGE = YES_ERROR;
				CLANG_WARN_DOCUMENTATION_COMMENTS = YES;
				CLANG_WARN_EMPTY_BODY = YES;
				CLANG_WARN_ENUM_CONVERSION = YES;
				CLANG_WARN_INFINITE_RECURSION = YES;
				CLANG_WARN_INT_CONVERSION = YES;
				CLANG_WARN_OBJC_ROOT_CLASS = YES_ERROR;
				CLANG_WARN_SUSPICIOUS_MOVES = YES;
				CLANG_WARN_UNREACHABLE_CODE = YES;
				CLANG_WARN__DUPLICATE_METHOD_MATCH = YES;
				"CODE_SIGN_IDENTITY[sdk=iphoneos*]" = "iPhone Developer";
				COPY_PHASE_STRIP = NO;
				DEBUG_INFORMATION_FORMAT = "dwarf-with-dsym";
				ENABLE_NS_ASSERTIONS = NO;
				ENABLE_STRICT_OBJC_MSGSEND = YES;
				GCC_C_LANGUAGE_STANDARD = gnu99;
				GCC_NO_COMMON_BLOCKS = YES;
				GCC_WARN_64_TO_32_BIT_CONVERSION = YES;
				GCC_WARN_ABOUT_RETURN_TYPE = YES_ERROR;
				GCC_WARN_UNDECLARED_SELECTOR = YES;
				GCC_WARN_UNINITIALIZED_AUTOS = YES_AGGRESSIVE;
				GCC_WARN_UNUSED_FUNCTION = YES;
				GCC_WARN_UNUSED_VARIABLE = YES;
				IPHONEOS_DEPLOYMENT_TARGET = 10.0;
				MTL_ENABLE_DEBUG_INFO = NO;
				SDKROOT = iphoneos;
				VALIDATE_PRODUCT = YES;
			};
			name = Release;
		};
		6B7A5D311DADC8E400B3A771 /* Debug */ = {
			isa = XCBuildConfiguration;
			buildSettings = {
				ASSETCATALOG_COMPILER_APPICON_NAME = AppIcon;
				DEVELOPMENT_TEAM = 2BEF83H46M;
				INFOPLIST_FILE = XXTransitionExample/Info.plist;
				LD_RUNPATH_SEARCH_PATHS = "$(inherited) @executable_path/Frameworks";
				PRODUCT_BUNDLE_IDENTIFIER = com.mingshihaoke.XXTransitionExample;
				PRODUCT_NAME = "$(TARGET_NAME)";
			};
			name = Debug;
		};
		6B7A5D321DADC8E400B3A771 /* Release */ = {
			isa = XCBuildConfiguration;
			buildSettings = {
				ASSETCATALOG_COMPILER_APPICON_NAME = AppIcon;
				DEVELOPMENT_TEAM = 2BEF83H46M;
				INFOPLIST_FILE = XXTransitionExample/Info.plist;
				LD_RUNPATH_SEARCH_PATHS = "$(inherited) @executable_path/Frameworks";
				PRODUCT_BUNDLE_IDENTIFIER = com.mingshihaoke.XXTransitionExample;
				PRODUCT_NAME = "$(TARGET_NAME)";
			};
			name = Release;
		};
/* End XCBuildConfiguration section */

/* Begin XCConfigurationList section */
		6B7A5D141DADC8E400B3A771 /* Build configuration list for PBXProject "XXTransitionExample" */ = {
			isa = XCConfigurationList;
			buildConfigurations = (
				6B7A5D2E1DADC8E400B3A771 /* Debug */,
				6B7A5D2F1DADC8E400B3A771 /* Release */,
			);
			defaultConfigurationIsVisible = 0;
			defaultConfigurationName = Release;
		};
		6B7A5D301DADC8E400B3A771 /* Build configuration list for PBXNativeTarget "XXTransitionExample" */ = {
			isa = XCConfigurationList;
			buildConfigurations = (
				6B7A5D311DADC8E400B3A771 /* Debug */,
				6B7A5D321DADC8E400B3A771 /* Release */,
			);
			defaultConfigurationIsVisible = 0;
		};
/* End XCConfigurationList section */
	};
	rootObject = 6B7A5D111DADC8E400B3A771 /* Project object */;
}
